
Microsoft Visual Studio Solution File, Format Version 12.00
# Visual Studio Version 16
VisualStudioVersion = 16.0.31624.102
MinimumVisualStudioVersion = 10.0.40219.1
Project("{FAE04EC0-301F-11D3-BF4B-00C04F79EFBC}") = "DebugDemo", "DebugDemo\DebugDemo.csproj", "{BCC3F005-B037-4AD6-B6D8-8772A35367E4}"
EndProject
Project("{FAE04EC0-301F-11D3-BF4B-00C04F79EFBC}") = "BuggedLibrary", "BuggedLibrary\BuggedLibrary.csproj", "{5FE6C7C8-1C9C-4568-8D8A-F1EC5E65A827}"
EndProject
Global
	GlobalSection(SolutionConfigurationPlatforms) = preSolution
		Debug|Any CPU = Debug|Any CPU
		Release|Any CPU = Release|Any CPU
	EndGlobalSection
	GlobalSection(ProjectConfigurationPlatforms) = postSolution
		{BCC3F005-B037-4AD6-B6D8-8772A35367E4}.Debug|Any CPU.ActiveCfg = Debug|Any CPU
		{BCC3F005-B037-4AD6-B6D8-8772A35367E4}.Debug|Any CPU.Build.0 = Debug|Any CPU
		{BCC3F005-B037-4AD6-B6D8-8772A35367E4}.Release|Any CPU.ActiveCfg = Release|Any CPU
		{BCC3F005-B037-4AD6-B6D8-8772A35367E4}.Release|Any CPU.Build.0 = Release|Any CPU
		{5FE6C7C8-1C9C-4568-8D8A-F1EC5E65A827}.Debug|Any CPU.ActiveCfg = Debug|Any CPU
		{5FE6C7C8-1C9C-4568-8D8A-F1EC5E65A827}.Debug|Any CPU.Build.0 = Debug|Any CPU
		{5FE6C7C8-1C9C-4568-8D8A-F1EC5E65A827}.Release|Any CPU.ActiveCfg = Release|Any CPU
		{5FE6C7C8-1C9C-4568-8D8A-F1EC5E65A827}.Release|Any CPU.Build.0 = Release|Any CPU
	EndGlobalSection
	GlobalSection(SolutionProperties) = preSolution
		HideSolutionNode = FALSE
	EndGlobalSection
	GlobalSection(ExtensibilityGlobals) = postSolution
		SolutionGuid = {F7954DCD-47D7-4DC4-8217-E8A6236E05FB}
	EndGlobalSection
EndGlobal
